// !$*UTF8*$!
{
	archiveVersion = 1;
	classes = {
	};
	objectVersion = 56;
	objects = {

/* Begin PBXBuildFile section */
		1E06AB312B85898300374671 /* SignInCViewModel.swift in Sources */ = {isa = PBXBuildFile; fileRef = 1E06AB302B85898300374671 /* SignInCViewModel.swift */; };
		1E06AB332B85899700374671 /* SignUpCViewModel.swift in Sources */ = {isa = PBXBuildFile; fileRef = 1E06AB322B85899700374671 /* SignUpCViewModel.swift */; };
		1E06AB352B8589F400374671 /* ResetCViewModel.swift in Sources */ = {isa = PBXBuildFile; fileRef = 1E06AB342B8589F400374671 /* ResetCViewModel.swift */; };
		1E06AB372B858A3C00374671 /* SignInAViewModel.swift in Sources */ = {isa = PBXBuildFile; fileRef = 1E06AB362B858A3C00374671 /* SignInAViewModel.swift */; };
		1E06AB392B858A4B00374671 /* SignUpAViewModel.swift in Sources */ = {isa = PBXBuildFile; fileRef = 1E06AB382B858A4B00374671 /* SignUpAViewModel.swift */; };
		1E06AB3B2B858A6D00374671 /* ResetAViewModel.swift in Sources */ = {isa = PBXBuildFile; fileRef = 1E06AB3A2B858A6D00374671 /* ResetAViewModel.swift */; };
		1E06AB3D2B858B9F00374671 /* SignInCDTO.swift in Sources */ = {isa = PBXBuildFile; fileRef = 1E06AB3C2B858B9F00374671 /* SignInCDTO.swift */; };
		1E06AB3F2B858BD100374671 /* SignUpCDTO.swift in Sources */ = {isa = PBXBuildFile; fileRef = 1E06AB3E2B858BD100374671 /* SignUpCDTO.swift */; };
		1E06AB412B858BE600374671 /* ResetCDTO.swift in Sources */ = {isa = PBXBuildFile; fileRef = 1E06AB402B858BE600374671 /* ResetCDTO.swift */; };
		1E06AB432B858C0A00374671 /* SignInADTO.swift in Sources */ = {isa = PBXBuildFile; fileRef = 1E06AB422B858C0A00374671 /* SignInADTO.swift */; };
		1E06AB452B858C1F00374671 /* SignUpADTO.swift in Sources */ = {isa = PBXBuildFile; fileRef = 1E06AB442B858C1F00374671 /* SignUpADTO.swift */; };
		1E06AB472B858C3600374671 /* ResetADTO.swift in Sources */ = {isa = PBXBuildFile; fileRef = 1E06AB462B858C3600374671 /* ResetADTO.swift */; };
		1E06AB492B859BDB00374671 /* HomeCitizenView.swift in Sources */ = {isa = PBXBuildFile; fileRef = 1E06AB482B859BDB00374671 /* HomeCitizenView.swift */; };
		1E06AB4B2B859C1500374671 /* HomeAgentView.swift in Sources */ = {isa = PBXBuildFile; fileRef = 1E06AB4A2B859C1500374671 /* HomeAgentView.swift */; };
		1E666B532B7D9451007E88C6 /* CitoyenActifApp.swift in Sources */ = {isa = PBXBuildFile; fileRef = 1E666B522B7D9451007E88C6 /* CitoyenActifApp.swift */; };
		1E666B552B7D9451007E88C6 /* SignInCView.swift in Sources */ = {isa = PBXBuildFile; fileRef = 1E666B542B7D9451007E88C6 /* SignInCView.swift */; };
		1E666B572B7D9453007E88C6 /* Assets.xcassets in Resources */ = {isa = PBXBuildFile; fileRef = 1E666B562B7D9453007E88C6 /* Assets.xcassets */; };
		1E666B5A2B7D9453007E88C6 /* Preview Assets.xcassets in Resources */ = {isa = PBXBuildFile; fileRef = 1E666B592B7D9453007E88C6 /* Preview Assets.xcassets */; };
		1E666B642B7D9453007E88C6 /* CitoyenActifTests.swift in Sources */ = {isa = PBXBuildFile; fileRef = 1E666B632B7D9453007E88C6 /* CitoyenActifTests.swift */; };
		1E666B6E2B7D9453007E88C6 /* CitoyenActifUITests.swift in Sources */ = {isa = PBXBuildFile; fileRef = 1E666B6D2B7D9453007E88C6 /* CitoyenActifUITests.swift */; };
		1E666B702B7D9453007E88C6 /* CitoyenActifUITestsLaunchTests.swift in Sources */ = {isa = PBXBuildFile; fileRef = 1E666B6F2B7D9453007E88C6 /* CitoyenActifUITestsLaunchTests.swift */; };
		1E666B7F2B7DD7D0007E88C6 /* SignUpCView.swift in Sources */ = {isa = PBXBuildFile; fileRef = 1E666B7E2B7DD7D0007E88C6 /* SignUpCView.swift */; };
		1E666B812B7DD91D007E88C6 /* ResetPasswordCView.swift in Sources */ = {isa = PBXBuildFile; fileRef = 1E666B802B7DD91D007E88C6 /* ResetPasswordCView.swift */; };
		1E6A8C4D2B7E98BE00EBDD37 /* SignUpAView.swift in Sources */ = {isa = PBXBuildFile; fileRef = 1E6A8C4C2B7E98BD00EBDD37 /* SignUpAView.swift */; };
		1E80420F2B7FE459000B7BBB /* MainPageView.swift in Sources */ = {isa = PBXBuildFile; fileRef = 1E80420E2B7FE459000B7BBB /* MainPageView.swift */; };
		1E8042112B8048E5000B7BBB /* SignInAView.swift in Sources */ = {isa = PBXBuildFile; fileRef = 1E8042102B8048E5000B7BBB /* SignInAView.swift */; };
		1E8042132B804AF0000B7BBB /* ResetPasswordAView.swift in Sources */ = {isa = PBXBuildFile; fileRef = 1E8042122B804AF0000B7BBB /* ResetPasswordAView.swift */; };
/* End PBXBuildFile section */

/* Begin PBXContainerItemProxy section */
		1E666B602B7D9453007E88C6 /* PBXContainerItemProxy */ = {
			isa = PBXContainerItemProxy;
			containerPortal = 1E666B472B7D9451007E88C6 /* Project object */;
			proxyType = 1;
			remoteGlobalIDString = 1E666B4E2B7D9451007E88C6;
			remoteInfo = CitoyenActif;
		};
		1E666B6A2B7D9453007E88C6 /* PBXContainerItemProxy */ = {
			isa = PBXContainerItemProxy;
			containerPortal = 1E666B472B7D9451007E88C6 /* Project object */;
			proxyType = 1;
			remoteGlobalIDString = 1E666B4E2B7D9451007E88C6;
			remoteInfo = CitoyenActif;
		};
/* End PBXContainerItemProxy section */

/* Begin PBXFileReference section */
		1E06AB302B85898300374671 /* SignInCViewModel.swift */ = {isa = PBXFileReference; lastKnownFileType = sourcecode.swift; path = SignInCViewModel.swift; sourceTree = "<group>"; };
		1E06AB322B85899700374671 /* SignUpCViewModel.swift */ = {isa = PBXFileReference; lastKnownFileType = sourcecode.swift; path = SignUpCViewModel.swift; sourceTree = "<group>"; };
		1E06AB342B8589F400374671 /* ResetCViewModel.swift */ = {isa = PBXFileReference; lastKnownFileType = sourcecode.swift; path = ResetCViewModel.swift; sourceTree = "<group>"; };
		1E06AB362B858A3C00374671 /* SignInAViewModel.swift */ = {isa = PBXFileReference; lastKnownFileType = sourcecode.swift; path = SignInAViewModel.swift; sourceTree = "<group>"; };
		1E06AB382B858A4B00374671 /* SignUpAViewModel.swift */ = {isa = PBXFileReference; lastKnownFileType = sourcecode.swift; path = SignUpAViewModel.swift; sourceTree = "<group>"; };
		1E06AB3A2B858A6D00374671 /* ResetAViewModel.swift */ = {isa = PBXFileReference; lastKnownFileType = sourcecode.swift; path = ResetAViewModel.swift; sourceTree = "<group>"; };
		1E06AB3C2B858B9F00374671 /* SignInCDTO.swift */ = {isa = PBXFileReference; lastKnownFileType = sourcecode.swift; path = SignInCDTO.swift; sourceTree = "<group>"; };
		1E06AB3E2B858BD100374671 /* SignUpCDTO.swift */ = {isa = PBXFileReference; lastKnownFileType = sourcecode.swift; path = SignUpCDTO.swift; sourceTree = "<group>"; };
		1E06AB402B858BE600374671 /* ResetCDTO.swift */ = {isa = PBXFileReference; lastKnownFileType = sourcecode.swift; path = ResetCDTO.swift; sourceTree = "<group>"; };
		1E06AB422B858C0A00374671 /* SignInADTO.swift */ = {isa = PBXFileReference; lastKnownFileType = sourcecode.swift; path = SignInADTO.swift; sourceTree = "<group>"; };
		1E06AB442B858C1F00374671 /* SignUpADTO.swift */ = {isa = PBXFileReference; lastKnownFileType = sourcecode.swift; path = SignUpADTO.swift; sourceTree = "<group>"; };
		1E06AB462B858C3600374671 /* ResetADTO.swift */ = {isa = PBXFileReference; lastKnownFileType = sourcecode.swift; path = ResetADTO.swift; sourceTree = "<group>"; };
		1E06AB482B859BDB00374671 /* HomeCitizenView.swift */ = {isa = PBXFileReference; lastKnownFileType = sourcecode.swift; path = HomeCitizenView.swift; sourceTree = "<group>"; };
		1E06AB4A2B859C1500374671 /* HomeAgentView.swift */ = {isa = PBXFileReference; lastKnownFileType = sourcecode.swift; path = HomeAgentView.swift; sourceTree = "<group>"; };
		1E666B4F2B7D9451007E88C6 /* CitoyenActif.app */ = {isa = PBXFileReference; explicitFileType = wrapper.application; includeInIndex = 0; path = CitoyenActif.app; sourceTree = BUILT_PRODUCTS_DIR; };
		1E666B522B7D9451007E88C6 /* CitoyenActifApp.swift */ = {isa = PBXFileReference; lastKnownFileType = sourcecode.swift; path = CitoyenActifApp.swift; sourceTree = "<group>"; };
		1E666B542B7D9451007E88C6 /* SignInCView.swift */ = {isa = PBXFileReference; lastKnownFileType = sourcecode.swift; path = SignInCView.swift; sourceTree = "<group>"; };
		1E666B562B7D9453007E88C6 /* Assets.xcassets */ = {isa = PBXFileReference; lastKnownFileType = folder.assetcatalog; path = Assets.xcassets; sourceTree = "<group>"; };
		1E666B592B7D9453007E88C6 /* Preview Assets.xcassets */ = {isa = PBXFileReference; lastKnownFileType = folder.assetcatalog; path = "Preview Assets.xcassets"; sourceTree = "<group>"; };
		1E666B5F2B7D9453007E88C6 /* CitoyenActifTests.xctest */ = {isa = PBXFileReference; explicitFileType = wrapper.cfbundle; includeInIndex = 0; path = CitoyenActifTests.xctest; sourceTree = BUILT_PRODUCTS_DIR; };
		1E666B632B7D9453007E88C6 /* CitoyenActifTests.swift */ = {isa = PBXFileReference; lastKnownFileType = sourcecode.swift; path = CitoyenActifTests.swift; sourceTree = "<group>"; };
		1E666B692B7D9453007E88C6 /* CitoyenActifUITests.xctest */ = {isa = PBXFileReference; explicitFileType = wrapper.cfbundle; includeInIndex = 0; path = CitoyenActifUITests.xctest; sourceTree = BUILT_PRODUCTS_DIR; };
		1E666B6D2B7D9453007E88C6 /* CitoyenActifUITests.swift */ = {isa = PBXFileReference; lastKnownFileType = sourcecode.swift; path = CitoyenActifUITests.swift; sourceTree = "<group>"; };
		1E666B6F2B7D9453007E88C6 /* CitoyenActifUITestsLaunchTests.swift */ = {isa = PBXFileReference; lastKnownFileType = sourcecode.swift; path = CitoyenActifUITestsLaunchTests.swift; sourceTree = "<group>"; };
		1E666B7E2B7DD7D0007E88C6 /* SignUpCView.swift */ = {isa = PBXFileReference; lastKnownFileType = sourcecode.swift; path = SignUpCView.swift; sourceTree = "<group>"; };
		1E666B802B7DD91D007E88C6 /* ResetPasswordCView.swift */ = {isa = PBXFileReference; lastKnownFileType = sourcecode.swift; path = ResetPasswordCView.swift; sourceTree = "<group>"; };
		1E6A8C4C2B7E98BD00EBDD37 /* SignUpAView.swift */ = {isa = PBXFileReference; lastKnownFileType = sourcecode.swift; path = SignUpAView.swift; sourceTree = "<group>"; };
		1E80420E2B7FE459000B7BBB /* MainPageView.swift */ = {isa = PBXFileReference; lastKnownFileType = sourcecode.swift; path = MainPageView.swift; sourceTree = "<group>"; };
		1E8042102B8048E5000B7BBB /* SignInAView.swift */ = {isa = PBXFileReference; lastKnownFileType = sourcecode.swift; path = SignInAView.swift; sourceTree = "<group>"; };
		1E8042122B804AF0000B7BBB /* ResetPasswordAView.swift */ = {isa = PBXFileReference; lastKnownFileType = sourcecode.swift; path = ResetPasswordAView.swift; sourceTree = "<group>"; };
/* End PBXFileReference section */

/* Begin PBXFrameworksBuildPhase section */
		1E666B4C2B7D9451007E88C6 /* Frameworks */ = {
			isa = PBXFrameworksBuildPhase;
			buildActionMask = 2147483647;
			files = (
			);
			runOnlyForDeploymentPostprocessing = 0;
		};
		1E666B5C2B7D9453007E88C6 /* Frameworks */ = {
			isa = PBXFrameworksBuildPhase;
			buildActionMask = 2147483647;
			files = (
			);
			runOnlyForDeploymentPostprocessing = 0;
		};
		1E666B662B7D9453007E88C6 /* Frameworks */ = {
			isa = PBXFrameworksBuildPhase;
			buildActionMask = 2147483647;
			files = (
			);
			runOnlyForDeploymentPostprocessing = 0;
		};
/* End PBXFrameworksBuildPhase section */

/* Begin PBXGroup section */
		1E666B462B7D9451007E88C6 = {
			isa = PBXGroup;
			children = (
				1E666B512B7D9451007E88C6 /* CitoyenActif */,
				1E666B622B7D9453007E88C6 /* CitoyenActifTests */,
				1E666B6C2B7D9453007E88C6 /* CitoyenActifUITests */,
				1E666B502B7D9451007E88C6 /* Products */,
			);
			sourceTree = "<group>";
		};
		1E666B502B7D9451007E88C6 /* Products */ = {
			isa = PBXGroup;
			children = (
				1E666B4F2B7D9451007E88C6 /* CitoyenActif.app */,
				1E666B5F2B7D9453007E88C6 /* CitoyenActifTests.xctest */,
				1E666B692B7D9453007E88C6 /* CitoyenActifUITests.xctest */,
			);
			name = Products;
			sourceTree = "<group>";
		};
		1E666B512B7D9451007E88C6 /* CitoyenActif */ = {
			isa = PBXGroup;
			children = (
				1E8042092B7FDF55000B7BBB /* citizens */,
				1E80420A2B7FDF83000B7BBB /* municipalAgents */,
				1E666B522B7D9451007E88C6 /* CitoyenActifApp.swift */,
				1E80420E2B7FE459000B7BBB /* MainPageView.swift */,
				1E666B562B7D9453007E88C6 /* Assets.xcassets */,
				1E666B582B7D9453007E88C6 /* Preview Content */,
			);
			path = CitoyenActif;
			sourceTree = "<group>";
		};
		1E666B582B7D9453007E88C6 /* Preview Content */ = {
			isa = PBXGroup;
			children = (
				1E666B592B7D9453007E88C6 /* Preview Assets.xcassets */,
			);
			path = "Preview Content";
			sourceTree = "<group>";
		};
		1E666B622B7D9453007E88C6 /* CitoyenActifTests */ = {
			isa = PBXGroup;
			children = (
				1E666B632B7D9453007E88C6 /* CitoyenActifTests.swift */,
			);
			path = CitoyenActifTests;
			sourceTree = "<group>";
		};
		1E666B6C2B7D9453007E88C6 /* CitoyenActifUITests */ = {
			isa = PBXGroup;
			children = (
				1E666B6D2B7D9453007E88C6 /* CitoyenActifUITests.swift */,
				1E666B6F2B7D9453007E88C6 /* CitoyenActifUITestsLaunchTests.swift */,
			);
			path = CitoyenActifUITests;
			sourceTree = "<group>";
		};
		1E6A8C492B7E905400EBDD37 /* models */ = {
			isa = PBXGroup;
			children = (
				1E06AB3C2B858B9F00374671 /* SignInCDTO.swift */,
				1E06AB3E2B858BD100374671 /* SignUpCDTO.swift */,
				1E06AB402B858BE600374671 /* ResetCDTO.swift */,
			);
			path = models;
			sourceTree = "<group>";
		};
		1E6A8C4A2B7E910000EBDD37 /* views */ = {
			isa = PBXGroup;
			children = (
				1E666B542B7D9451007E88C6 /* SignInCView.swift */,
				1E666B7E2B7DD7D0007E88C6 /* SignUpCView.swift */,
				1E666B802B7DD91D007E88C6 /* ResetPasswordCView.swift */,
				1E06AB482B859BDB00374671 /* HomeCitizenView.swift */,
			);
			path = views;
			sourceTree = "<group>";
		};
		1E6A8C4B2B7E910C00EBDD37 /* viewModels */ = {
			isa = PBXGroup;
			children = (
				1E06AB302B85898300374671 /* SignInCViewModel.swift */,
				1E06AB322B85899700374671 /* SignUpCViewModel.swift */,
				1E06AB342B8589F400374671 /* ResetCViewModel.swift */,
			);
			path = viewModels;
			sourceTree = "<group>";
		};
		1E8042092B7FDF55000B7BBB /* citizens */ = {
			isa = PBXGroup;
			children = (
				1E6A8C492B7E905400EBDD37 /* models */,
				1E6A8C4A2B7E910000EBDD37 /* views */,
				1E6A8C4B2B7E910C00EBDD37 /* viewModels */,
			);
			path = citizens;
			sourceTree = "<group>";
		};
		1E80420A2B7FDF83000B7BBB /* municipalAgents */ = {
			isa = PBXGroup;
			children = (
				1E80420C2B7FE35D000B7BBB /* models */,
				1E80420B2B7FE34B000B7BBB /* views */,
				1E80420D2B7FE36F000B7BBB /* viewModels */,
			);
			path = municipalAgents;
			sourceTree = "<group>";
		};
		1E80420B2B7FE34B000B7BBB /* views */ = {
			isa = PBXGroup;
			children = (
				1E8042102B8048E5000B7BBB /* SignInAView.swift */,
				1E6A8C4C2B7E98BD00EBDD37 /* SignUpAView.swift */,
				1E8042122B804AF0000B7BBB /* ResetPasswordAView.swift */,
				1E06AB4A2B859C1500374671 /* HomeAgentView.swift */,
			);
			path = views;
			sourceTree = "<group>";
		};
		1E80420C2B7FE35D000B7BBB /* models */ = {
			isa = PBXGroup;
			children = (
				1E06AB422B858C0A00374671 /* SignInADTO.swift */,
				1E06AB442B858C1F00374671 /* SignUpADTO.swift */,
				1E06AB462B858C3600374671 /* ResetADTO.swift */,
			);
			path = models;
			sourceTree = "<group>";
		};
		1E80420D2B7FE36F000B7BBB /* viewModels */ = {
			isa = PBXGroup;
			children = (
				1E06AB362B858A3C00374671 /* SignInAViewModel.swift */,
				1E06AB382B858A4B00374671 /* SignUpAViewModel.swift */,
				1E06AB3A2B858A6D00374671 /* ResetAViewModel.swift */,
			);
			path = viewModels;
			sourceTree = "<group>";
		};
/* End PBXGroup section */

/* Begin PBXNativeTarget section */
		1E666B4E2B7D9451007E88C6 /* CitoyenActif */ = {
			isa = PBXNativeTarget;
			buildConfigurationList = 1E666B732B7D9453007E88C6 /* Build configuration list for PBXNativeTarget "CitoyenActif" */;
			buildPhases = (
				1E666B4B2B7D9451007E88C6 /* Sources */,
				1E666B4C2B7D9451007E88C6 /* Frameworks */,
				1E666B4D2B7D9451007E88C6 /* Resources */,
			);
			buildRules = (
			);
			dependencies = (
			);
			name = CitoyenActif;
			productName = CitoyenActif;
			productReference = 1E666B4F2B7D9451007E88C6 /* CitoyenActif.app */;
			productType = "com.apple.product-type.application";
		};
		1E666B5E2B7D9453007E88C6 /* CitoyenActifTests */ = {
			isa = PBXNativeTarget;
			buildConfigurationList = 1E666B762B7D9453007E88C6 /* Build configuration list for PBXNativeTarget "CitoyenActifTests" */;
			buildPhases = (
				1E666B5B2B7D9453007E88C6 /* Sources */,
				1E666B5C2B7D9453007E88C6 /* Frameworks */,
				1E666B5D2B7D9453007E88C6 /* Resources */,
			);
			buildRules = (
			);
			dependencies = (
				1E666B612B7D9453007E88C6 /* PBXTargetDependency */,
			);
			name = CitoyenActifTests;
			productName = CitoyenActifTests;
			productReference = 1E666B5F2B7D9453007E88C6 /* CitoyenActifTests.xctest */;
			productType = "com.apple.product-type.bundle.unit-test";
		};
		1E666B682B7D9453007E88C6 /* CitoyenActifUITests */ = {
			isa = PBXNativeTarget;
			buildConfigurationList = 1E666B792B7D9453007E88C6 /* Build configuration list for PBXNativeTarget "CitoyenActifUITests" */;
			buildPhases = (
				1E666B652B7D9453007E88C6 /* Sources */,
				1E666B662B7D9453007E88C6 /* Frameworks */,
				1E666B672B7D9453007E88C6 /* Resources */,
			);
			buildRules = (
			);
			dependencies = (
				1E666B6B2B7D9453007E88C6 /* PBXTargetDependency */,
			);
			name = CitoyenActifUITests;
			productName = CitoyenActifUITests;
			productReference = 1E666B692B7D9453007E88C6 /* CitoyenActifUITests.xctest */;
			productType = "com.apple.product-type.bundle.ui-testing";
		};
/* End PBXNativeTarget section */

/* Begin PBXProject section */
		1E666B472B7D9451007E88C6 /* Project object */ = {
			isa = PBXProject;
			attributes = {
				BuildIndependentTargetsInParallel = 1;
				LastSwiftUpdateCheck = 1500;
				LastUpgradeCheck = 1500;
				TargetAttributes = {
					1E666B4E2B7D9451007E88C6 = {
						CreatedOnToolsVersion = 15.0;
					};
					1E666B5E2B7D9453007E88C6 = {
						CreatedOnToolsVersion = 15.0;
						TestTargetID = 1E666B4E2B7D9451007E88C6;
					};
					1E666B682B7D9453007E88C6 = {
						CreatedOnToolsVersion = 15.0;
						TestTargetID = 1E666B4E2B7D9451007E88C6;
					};
				};
			};
			buildConfigurationList = 1E666B4A2B7D9451007E88C6 /* Build configuration list for PBXProject "CitoyenActif" */;
			compatibilityVersion = "Xcode 14.0";
			developmentRegion = en;
			hasScannedForEncodings = 0;
			knownRegions = (
				en,
				Base,
			);
			mainGroup = 1E666B462B7D9451007E88C6;
			productRefGroup = 1E666B502B7D9451007E88C6 /* Products */;
			projectDirPath = "";
			projectRoot = "";
			targets = (
				1E666B4E2B7D9451007E88C6 /* CitoyenActif */,
				1E666B5E2B7D9453007E88C6 /* CitoyenActifTests */,
				1E666B682B7D9453007E88C6 /* CitoyenActifUITests */,
			);
		};
/* End PBXProject section */

/* Begin PBXResourcesBuildPhase section */
		1E666B4D2B7D9451007E88C6 /* Resources */ = {
			isa = PBXResourcesBuildPhase;
			buildActionMask = 2147483647;
			files = (
				1E666B5A2B7D9453007E88C6 /* Preview Assets.xcassets in Resources */,
				1E666B572B7D9453007E88C6 /* Assets.xcassets in Resources */,
			);
			runOnlyForDeploymentPostprocessing = 0;
		};
		1E666B5D2B7D9453007E88C6 /* Resources */ = {
			isa = PBXResourcesBuildPhase;
			buildActionMask = 2147483647;
			files = (
			);
			runOnlyForDeploymentPostprocessing = 0;
		};
		1E666B672B7D9453007E88C6 /* Resources */ = {
			isa = PBXResourcesBuildPhase;
			buildActionMask = 2147483647;
			files = (
			);
			runOnlyForDeploymentPostprocessing = 0;
		};
/* End PBXResourcesBuildPhase section */

/* Begin PBXSourcesBuildPhase section */
		1E666B4B2B7D9451007E88C6 /* Sources */ = {
			isa = PBXSourcesBuildPhase;
			buildActionMask = 2147483647;
			files = (
				1E06AB332B85899700374671 /* SignUpCViewModel.swift in Sources */,
				1E06AB472B858C3600374671 /* ResetADTO.swift in Sources */,
				1E06AB392B858A4B00374671 /* SignUpAViewModel.swift in Sources */,
				1E6A8C4D2B7E98BE00EBDD37 /* SignUpAView.swift in Sources */,
				1E06AB3D2B858B9F00374671 /* SignInCDTO.swift in Sources */,
				1E06AB352B8589F400374671 /* ResetCViewModel.swift in Sources */,
				1E06AB432B858C0A00374671 /* SignInADTO.swift in Sources */,
				1E666B552B7D9451007E88C6 /* SignInCView.swift in Sources */,
				1E80420F2B7FE459000B7BBB /* MainPageView.swift in Sources */,
				1E666B7F2B7DD7D0007E88C6 /* SignUpCView.swift in Sources */,
				1E06AB492B859BDB00374671 /* HomeCitizenView.swift in Sources */,
				1E06AB372B858A3C00374671 /* SignInAViewModel.swift in Sources */,
				1E06AB3B2B858A6D00374671 /* ResetAViewModel.swift in Sources */,
				1E06AB4B2B859C1500374671 /* HomeAgentView.swift in Sources */,
				1E666B532B7D9451007E88C6 /* CitoyenActifApp.swift in Sources */,
				1E06AB3F2B858BD100374671 /* SignUpCDTO.swift in Sources */,
				1E06AB412B858BE600374671 /* ResetCDTO.swift in Sources */,
				1E8042132B804AF0000B7BBB /* ResetPasswordAView.swift in Sources */,
				1E06AB312B85898300374671 /* SignInCViewModel.swift in Sources */,
				1E666B812B7DD91D007E88C6 /* ResetPasswordCView.swift in Sources */,
				1E06AB452B858C1F00374671 /* SignUpADTO.swift in Sources */,
				1E8042112B8048E5000B7BBB /* SignInAView.swift in Sources */,
			);
			runOnlyForDeploymentPostprocessing = 0;
		};
		1E666B5B2B7D9453007E88C6 /* Sources */ = {
			isa = PBXSourcesBuildPhase;
			buildActionMask = 2147483647;
			files = (
				1E666B642B7D9453007E88C6 /* CitoyenActifTests.swift in Sources */,
			);
			runOnlyForDeploymentPostprocessing = 0;
		};
		1E666B652B7D9453007E88C6 /* Sources */ = {
			isa = PBXSourcesBuildPhase;
			buildActionMask = 2147483647;
			files = (
				1E666B702B7D9453007E88C6 /* CitoyenActifUITestsLaunchTests.swift in Sources */,
				1E666B6E2B7D9453007E88C6 /* CitoyenActifUITests.swift in Sources */,
			);
			runOnlyForDeploymentPostprocessing = 0;
		};
/* End PBXSourcesBuildPhase section */

/* Begin PBXTargetDependency section */
		1E666B612B7D9453007E88C6 /* PBXTargetDependency */ = {
			isa = PBXTargetDependency;
			target = 1E666B4E2B7D9451007E88C6 /* CitoyenActif */;
			targetProxy = 1E666B602B7D9453007E88C6 /* PBXContainerItemProxy */;
		};
		1E666B6B2B7D9453007E88C6 /* PBXTargetDependency */ = {
			isa = PBXTargetDependency;
			target = 1E666B4E2B7D9451007E88C6 /* CitoyenActif */;
			targetProxy = 1E666B6A2B7D9453007E88C6 /* PBXContainerItemProxy */;
		};
/* End PBXTargetDependency section */

/* Begin XCBuildConfiguration section */
		1E666B712B7D9453007E88C6 /* Debug */ = {
			isa = XCBuildConfiguration;
			buildSettings = {
				ALWAYS_SEARCH_USER_PATHS = NO;
				ASSETCATALOG_COMPILER_GENERATE_SWIFT_ASSET_SYMBOL_EXTENSIONS = YES;
				CLANG_ANALYZER_NONNULL = YES;
				CLANG_ANALYZER_NUMBER_OBJECT_CONVERSION = YES_AGGRESSIVE;
				CLANG_CXX_LANGUAGE_STANDARD = "gnu++20";
				CLANG_ENABLE_MODULES = YES;
				CLANG_ENABLE_OBJC_ARC = YES;
				CLANG_ENABLE_OBJC_WEAK = YES;
				CLANG_WARN_BLOCK_CAPTURE_AUTORELEASING = YES;
				CLANG_WARN_BOOL_CONVERSION = YES;
				CLANG_WARN_COMMA = YES;
				CLANG_WARN_CONSTANT_CONVERSION = YES;
				CLANG_WARN_DEPRECATED_OBJC_IMPLEMENTATIONS = YES;
				CLANG_WARN_DIRECT_OBJC_ISA_USAGE = YES_ERROR;
				CLANG_WARN_DOCUMENTATION_COMMENTS = YES;
				CLANG_WARN_EMPTY_BODY = YES;
				CLANG_WARN_ENUM_CONVERSION = YES;
				CLANG_WARN_INFINITE_RECURSION = YES;
				CLANG_WARN_INT_CONVERSION = YES;
				CLANG_WARN_NON_LITERAL_NULL_CONVERSION = YES;
				CLANG_WARN_OBJC_IMPLICIT_RETAIN_SELF = YES;
				CLANG_WARN_OBJC_LITERAL_CONVERSION = YES;
				CLANG_WARN_OBJC_ROOT_CLASS = YES_ERROR;
				CLANG_WARN_QUOTED_INCLUDE_IN_FRAMEWORK_HEADER = YES;
				CLANG_WARN_RANGE_LOOP_ANALYSIS = YES;
				CLANG_WARN_STRICT_PROTOTYPES = YES;
				CLANG_WARN_SUSPICIOUS_MOVE = YES;
				CLANG_WARN_UNGUARDED_AVAILABILITY = YES_AGGRESSIVE;
				CLANG_WARN_UNREACHABLE_CODE = YES;
				CLANG_WARN__DUPLICATE_METHOD_MATCH = YES;
				COPY_PHASE_STRIP = NO;
				DEBUG_INFORMATION_FORMAT = dwarf;
				ENABLE_STRICT_OBJC_MSGSEND = YES;
				ENABLE_TESTABILITY = YES;
				ENABLE_USER_SCRIPT_SANDBOXING = YES;
				GCC_C_LANGUAGE_STANDARD = gnu17;
				GCC_DYNAMIC_NO_PIC = NO;
				GCC_NO_COMMON_BLOCKS = YES;
				GCC_OPTIMIZATION_LEVEL = 0;
				GCC_PREPROCESSOR_DEFINITIONS = (
					"DEBUG=1",
					"$(inherited)",
				);
				GCC_WARN_64_TO_32_BIT_CONVERSION = YES;
				GCC_WARN_ABOUT_RETURN_TYPE = YES_ERROR;
				GCC_WARN_UNDECLARED_SELECTOR = YES;
				GCC_WARN_UNINITIALIZED_AUTOS = YES_AGGRESSIVE;
				GCC_WARN_UNUSED_FUNCTION = YES;
				GCC_WARN_UNUSED_VARIABLE = YES;
				IPHONEOS_DEPLOYMENT_TARGET = 17.0;
				LOCALIZATION_PREFERS_STRING_CATALOGS = YES;
				MTL_ENABLE_DEBUG_INFO = INCLUDE_SOURCE;
				MTL_FAST_MATH = YES;
				ONLY_ACTIVE_ARCH = YES;
				SDKROOT = iphoneos;
				SWIFT_ACTIVE_COMPILATION_CONDITIONS = "DEBUG $(inherited)";
				SWIFT_OPTIMIZATION_LEVEL = "-Onone";
			};
			name = Debug;
		};
		1E666B722B7D9453007E88C6 /* Release */ = {
			isa = XCBuildConfiguration;
			buildSettings = {
				ALWAYS_SEARCH_USER_PATHS = NO;
				ASSETCATALOG_COMPILER_GENERATE_SWIFT_ASSET_SYMBOL_EXTENSIONS = YES;
				CLANG_ANALYZER_NONNULL = YES;
				CLANG_ANALYZER_NUMBER_OBJECT_CONVERSION = YES_AGGRESSIVE;
				CLANG_CXX_LANGUAGE_STANDARD = "gnu++20";
				CLANG_ENABLE_MODULES = YES;
				CLANG_ENABLE_OBJC_ARC = YES;
				CLANG_ENABLE_OBJC_WEAK = YES;
				CLANG_WARN_BLOCK_CAPTURE_AUTORELEASING = YES;
				CLANG_WARN_BOOL_CONVERSION = YES;
				CLANG_WARN_COMMA = YES;
				CLANG_WARN_CONSTANT_CONVERSION = YES;
				CLANG_WARN_DEPRECATED_OBJC_IMPLEMENTATIONS = YES;
				CLANG_WARN_DIRECT_OBJC_ISA_USAGE = YES_ERROR;
				CLANG_WARN_DOCUMENTATION_COMMENTS = YES;
				CLANG_WARN_EMPTY_BODY = YES;
				CLANG_WARN_ENUM_CONVERSION = YES;
				CLANG_WARN_INFINITE_RECURSION = YES;
				CLANG_WARN_INT_CONVERSION = YES;
				CLANG_WARN_NON_LITERAL_NULL_CONVERSION = YES;
				CLANG_WARN_OBJC_IMPLICIT_RETAIN_SELF = YES;
				CLANG_WARN_OBJC_LITERAL_CONVERSION = YES;
				CLANG_WARN_OBJC_ROOT_CLASS = YES_ERROR;
				CLANG_WARN_QUOTED_INCLUDE_IN_FRAMEWORK_HEADER = YES;
				CLANG_WARN_RANGE_LOOP_ANALYSIS = YES;
				CLANG_WARN_STRICT_PROTOTYPES = YES;
				CLANG_WARN_SUSPICIOUS_MOVE = YES;
				CLANG_WARN_UNGUARDED_AVAILABILITY = YES_AGGRESSIVE;
				CLANG_WARN_UNREACHABLE_CODE = YES;
				CLANG_WARN__DUPLICATE_METHOD_MATCH = YES;
				COPY_PHASE_STRIP = NO;
				DEBUG_INFORMATION_FORMAT = "dwarf-with-dsym";
				ENABLE_NS_ASSERTIONS = NO;
				ENABLE_STRICT_OBJC_MSGSEND = YES;
				ENABLE_USER_SCRIPT_SANDBOXING = YES;
				GCC_C_LANGUAGE_STANDARD = gnu17;
				GCC_NO_COMMON_BLOCKS = YES;
				GCC_WARN_64_TO_32_BIT_CONVERSION = YES;
				GCC_WARN_ABOUT_RETURN_TYPE = YES_ERROR;
				GCC_WARN_UNDECLARED_SELECTOR = YES;
				GCC_WARN_UNINITIALIZED_AUTOS = YES_AGGRESSIVE;
				GCC_WARN_UNUSED_FUNCTION = YES;
				GCC_WARN_UNUSED_VARIABLE = YES;
				IPHONEOS_DEPLOYMENT_TARGET = 17.0;
				LOCALIZATION_PREFERS_STRING_CATALOGS = YES;
				MTL_ENABLE_DEBUG_INFO = NO;
				MTL_FAST_MATH = YES;
				SDKROOT = iphoneos;
				SWIFT_COMPILATION_MODE = wholemodule;
				VALIDATE_PRODUCT = YES;
			};
			name = Release;
		};
		1E666B742B7D9453007E88C6 /* Debug */ = {
			isa = XCBuildConfiguration;
			buildSettings = {
				ASSETCATALOG_COMPILER_APPICON_NAME = AppIcon;
				ASSETCATALOG_COMPILER_GLOBAL_ACCENT_COLOR_NAME = AccentColor;
				CODE_SIGN_STYLE = Automatic;
				CURRENT_PROJECT_VERSION = 1;
				DEVELOPMENT_ASSET_PATHS = "\"CitoyenActif/Preview Content\"";
				ENABLE_PREVIEWS = YES;
				GENERATE_INFOPLIST_FILE = YES;
				INFOPLIST_KEY_UIApplicationSceneManifest_Generation = YES;
				INFOPLIST_KEY_UIApplicationSupportsIndirectInputEvents = YES;
				INFOPLIST_KEY_UILaunchScreen_Generation = YES;
				INFOPLIST_KEY_UISupportedInterfaceOrientations_iPad = "UIInterfaceOrientationPortrait UIInterfaceOrientationPortraitUpsideDown UIInterfaceOrientationLandscapeLeft UIInterfaceOrientationLandscapeRight";
				INFOPLIST_KEY_UISupportedInterfaceOrientations_iPhone = "UIInterfaceOrientationPortrait UIInterfaceOrientationLandscapeLeft UIInterfaceOrientationLandscapeRight";
				LD_RUNPATH_SEARCH_PATHS = (
					"$(inherited)",
					"@executable_path/Frameworks",
				);
				MARKETING_VERSION = 1.0;
				PRODUCT_BUNDLE_IDENTIFIER = dmi.uqtr.ca.CitoyenActif;
				PRODUCT_NAME = "$(TARGET_NAME)";
				SWIFT_EMIT_LOC_STRINGS = YES;
				SWIFT_VERSION = 5.0;
				TARGETED_DEVICE_FAMILY = "1,2";
			};
			name = Debug;
		};
		1E666B752B7D9453007E88C6 /* Release */ = {
			isa = XCBuildConfiguration;
			buildSettings = {
				ASSETCATALOG_COMPILER_APPICON_NAME = AppIcon;
				ASSETCATALOG_COMPILER_GLOBAL_ACCENT_COLOR_NAME = AccentColor;
				CODE_SIGN_STYLE = Automatic;
				CURRENT_PROJECT_VERSION = 1;
				DEVELOPMENT_ASSET_PATHS = "\"CitoyenActif/Preview Content\"";
				ENABLE_PREVIEWS = YES;
				GENERATE_INFOPLIST_FILE = YES;
				INFOPLIST_KEY_UIApplicationSceneManifest_Generation = YES;
				INFOPLIST_KEY_UIApplicationSupportsIndirectInputEvents = YES;
				INFOPLIST_KEY_UILaunchScreen_Generation = YES;
				INFOPLIST_KEY_UISupportedInterfaceOrientations_iPad = "UIInterfaceOrientationPortrait UIInterfaceOrientationPortraitUpsideDown UIInterfaceOrientationLandscapeLeft UIInterfaceOrientationLandscapeRight";
				INFOPLIST_KEY_UISupportedInterfaceOrientations_iPhone = "UIInterfaceOrientationPortrait UIInterfaceOrientationLandscapeLeft UIInterfaceOrientationLandscapeRight";
				LD_RUNPATH_SEARCH_PATHS = (
					"$(inherited)",
					"@executable_path/Frameworks",
				);
				MARKETING_VERSION = 1.0;
				PRODUCT_BUNDLE_IDENTIFIER = dmi.uqtr.ca.CitoyenActif;
				PRODUCT_NAME = "$(TARGET_NAME)";
				SWIFT_EMIT_LOC_STRINGS = YES;
				SWIFT_VERSION = 5.0;
				TARGETED_DEVICE_FAMILY = "1,2";
			};
			name = Release;
		};
		1E666B772B7D9453007E88C6 /* Debug */ = {
			isa = XCBuildConfiguration;
			buildSettings = {
				ALWAYS_EMBED_SWIFT_STANDARD_LIBRARIES = YES;
				BUNDLE_LOADER = "$(TEST_HOST)";
				CODE_SIGN_STYLE = Automatic;
				CURRENT_PROJECT_VERSION = 1;
				GENERATE_INFOPLIST_FILE = YES;
				IPHONEOS_DEPLOYMENT_TARGET = 17.0;
				MARKETING_VERSION = 1.0;
				PRODUCT_BUNDLE_IDENTIFIER = dmi.uqtr.ca.CitoyenActifTests;
				PRODUCT_NAME = "$(TARGET_NAME)";
				SWIFT_EMIT_LOC_STRINGS = NO;
				SWIFT_VERSION = 5.0;
				TARGETED_DEVICE_FAMILY = "1,2";
				TEST_HOST = "$(BUILT_PRODUCTS_DIR)/CitoyenActif.app/$(BUNDLE_EXECUTABLE_FOLDER_PATH)/CitoyenActif";
			};
			name = Debug;
		};
		1E666B782B7D9453007E88C6 /* Release */ = {
			isa = XCBuildConfiguration;
			buildSettings = {
				ALWAYS_EMBED_SWIFT_STANDARD_LIBRARIES = YES;
				BUNDLE_LOADER = "$(TEST_HOST)";
				CODE_SIGN_STYLE = Automatic;
				CURRENT_PROJECT_VERSION = 1;
				GENERATE_INFOPLIST_FILE = YES;
				IPHONEOS_DEPLOYMENT_TARGET = 17.0;
				MARKETING_VERSION = 1.0;
				PRODUCT_BUNDLE_IDENTIFIER = dmi.uqtr.ca.CitoyenActifTests;
				PRODUCT_NAME = "$(TARGET_NAME)";
				SWIFT_EMIT_LOC_STRINGS = NO;
				SWIFT_VERSION = 5.0;
				TARGETED_DEVICE_FAMILY = "1,2";
				TEST_HOST = "$(BUILT_PRODUCTS_DIR)/CitoyenActif.app/$(BUNDLE_EXECUTABLE_FOLDER_PATH)/CitoyenActif";
			};
			name = Release;
		};
		1E666B7A2B7D9453007E88C6 /* Debug */ = {
			isa = XCBuildConfiguration;
			buildSettings = {
				ALWAYS_EMBED_SWIFT_STANDARD_LIBRARIES = YES;
				CODE_SIGN_STYLE = Automatic;
				CURRENT_PROJECT_VERSION = 1;
				GENERATE_INFOPLIST_FILE = YES;
				MARKETING_VERSION = 1.0;
				PRODUCT_BUNDLE_IDENTIFIER = dmi.uqtr.ca.CitoyenActifUITests;
				PRODUCT_NAME = "$(TARGET_NAME)";
				SWIFT_EMIT_LOC_STRINGS = NO;
				SWIFT_VERSION = 5.0;
				TARGETED_DEVICE_FAMILY = "1,2";
				TEST_TARGET_NAME = CitoyenActif;
			};
			name = Debug;
		};
		1E666B7B2B7D9453007E88C6 /* Release */ = {
			isa = XCBuildConfiguration;
			buildSettings = {
				ALWAYS_EMBED_SWIFT_STANDARD_LIBRARIES = YES;
				CODE_SIGN_STYLE = Automatic;
				CURRENT_PROJECT_VERSION = 1;
				GENERATE_INFOPLIST_FILE = YES;
				MARKETING_VERSION = 1.0;
				PRODUCT_BUNDLE_IDENTIFIER = dmi.uqtr.ca.CitoyenActifUITests;
				PRODUCT_NAME = "$(TARGET_NAME)";
				SWIFT_EMIT_LOC_STRINGS = NO;
				SWIFT_VERSION = 5.0;
				TARGETED_DEVICE_FAMILY = "1,2";
				TEST_TARGET_NAME = CitoyenActif;
			};
			name = Release;
		};
/* End XCBuildConfiguration section */

/* Begin XCConfigurationList section */
		1E666B4A2B7D9451007E88C6 /* Build configuration list for PBXProject "CitoyenActif" */ = {
			isa = XCConfigurationList;
			buildConfigurations = (
				1E666B712B7D9453007E88C6 /* Debug */,
				1E666B722B7D9453007E88C6 /* Release */,
			);
			defaultConfigurationIsVisible = 0;
			defaultConfigurationName = Release;
		};
		1E666B732B7D9453007E88C6 /* Build configuration list for PBXNativeTarget "CitoyenActif" */ = {
			isa = XCConfigurationList;
			buildConfigurations = (
				1E666B742B7D9453007E88C6 /* Debug */,
				1E666B752B7D9453007E88C6 /* Release */,
			);
			defaultConfigurationIsVisible = 0;
			defaultConfigurationName = Release;
		};
		1E666B762B7D9453007E88C6 /* Build configuration list for PBXNativeTarget "CitoyenActifTests" */ = {
			isa = XCConfigurationList;
			buildConfigurations = (
				1E666B772B7D9453007E88C6 /* Debug */,
				1E666B782B7D9453007E88C6 /* Release */,
			);
			defaultConfigurationIsVisible = 0;
			defaultConfigurationName = Release;
		};
		1E666B792B7D9453007E88C6 /* Build configuration list for PBXNativeTarget "CitoyenActifUITests" */ = {
			isa = XCConfigurationList;
			buildConfigurations = (
				1E666B7A2B7D9453007E88C6 /* Debug */,
				1E666B7B2B7D9453007E88C6 /* Release */,
			);
			defaultConfigurationIsVisible = 0;
			defaultConfigurationName = Release;
		};
/* End XCConfigurationList section */
	};
	rootObject = 1E666B472B7D9451007E88C6 /* Project object */;
}
